
Microsoft Visual Studio Solution File, Format Version 12.00
# Visual Studio Version 17
VisualStudioVersion = 17.3.32901.215
MinimumVisualStudioVersion = 10.0.40219.1
Project("{FAE04EC0-301F-11D3-BF4B-00C04F79EFBC}") = "6oct2022", "6oct2022.csproj", "{C4F649BC-3515-49F7-B18F-770C5CF4C025}"
EndProject
Global
	GlobalSection(SolutionConfigurationPlatforms) = preSolution
		Debug|Any CPU = Debug|Any CPU
		Release|Any CPU = Release|Any CPU
	EndGlobalSection
	GlobalSection(ProjectConfigurationPlatforms) = postSolution
		{C4F649BC-3515-49F7-B18F-770C5CF4C025}.Debug|Any CPU.ActiveCfg = Debug|Any CPU
		{C4F649BC-3515-49F7-B18F-770C5CF4C025}.Debug|Any CPU.Build.0 = Debug|Any CPU
		{C4F649BC-3515-49F7-B18F-770C5CF4C025}.Release|Any CPU.ActiveCfg = Release|Any CPU
		{C4F649BC-3515-49F7-B18F-770C5CF4C025}.Release|Any CPU.Build.0 = Release|Any CPU
	EndGlobalSection
	GlobalSection(SolutionProperties) = preSolution
		HideSolutionNode = FALSE
	EndGlobalSection
	GlobalSection(ExtensibilityGlobals) = postSolution
		SolutionGuid = {623007F6-33CF-4E31-AF4D-DC6861C17B32}
	EndGlobalSection
EndGlobal
